github.com/mattn/go-sqlite3 v1.14.34 h1:3NtcvcUnFBPsuRcno8pUtupspG/GM+9nZ88zgJcp6Zk=
github.com/mattn/go-sqlite3 v1.14.34/go.mod h1:Uh1q+B4BYcTPb+yiD3kU8Ct7aC0hY9fxUwlHK0RXw+Y=
gopkg.in/check.v1 v0.0.0-20161208181325-20d25e280405 h1:yhCVgyC4o1eVCa2tZl7eS0r+SDo693bJlVdllGtEeKM=
gopkg.in/check.v1 v0.0.0-20161208181325-20d25e280405/go.mod h1:Co6ibVJAznAaIkqp8huTwlJQCZ016jof/cbN4VW5Yz0=
gopkg.in/yaml.v3 v3.0.1 h1:fxVm/GzAzEWqLHuvctI91KS9hhNmmWOoWu0XTYJS7CA=
gopkg.in/yaml.v3 v3.0.1/go.mod h1:K4uyk7z7BCEPqu6E+C64Yfv1cQ7kz7rIZviUmN+EgEM=
libvirt.org/go/libvirt v1.12001.0 h1:mi3ZPUuLe60ln34uuQP6TdWQu51BqKDRPo3EYA1R3C4=
libvirt.org/go/libvirt v1.12001.0/go.mod h1:1WiFE8EjZfq+FCVog+rvr1yatKbKZ9FaFMZgEqxEJqQ=
libvirt.org/libvirt-go-xml v7.4.0+incompatible h1:NaCRjbtz//xuTZOp1nDHbe0eu5BQlhIy5PPuc09EWtU=
libvirt.org/libvirt-go-xml v7.4.0+incompatible/go.mod h1:FL+H1+hKNWDdkKQGGS4sGCZJ3pGWcjt6VbxZvPlQJkY=
